
Microsoft Visual Studio Solution File, Format Version 12.00
# Visual Studio Version 17
VisualStudioVersion = 17.8.34525.116
MinimumVisualStudioVersion = 10.0.40219.1
Project("{9A19103F-16F7-4668-BE54-9A1E7A4F7556}") = "TestFunctionApp", "TestFunctionApp\TestFunctionApp.csproj", "{100524BF-338A-49B1-ABEB-3D9BB619AF1A}"
EndProject
Project("{2150E333-8FDC-42A3-9474-1A3956D46DE8}") = "Services", "Services", "{D951E251-0440-4FCA-A556-EEB30EA4EADE}"
EndProject
Project("{9A19103F-16F7-4668-BE54-9A1E7A4F7556}") = "Services.Definition", "Services.Definition\Services.Definition.csproj", "{F76F403B-A422-4910-95BE-32B3442CF977}"
EndProject
Project("{9A19103F-16F7-4668-BE54-9A1E7A4F7556}") = "Services.Implementation", "Services.Implementation\Services.Implementation.csproj", "{ABB6FD86-A8B9-4FF8-9462-B59358965477}"
EndProject
Project("{9A19103F-16F7-4668-BE54-9A1E7A4F7556}") = "Services.Implementation.Tests", "Services.Implementation.Tests\Services.Implementation.Tests.csproj", "{7D408C17-EC82-4F3C-9AF2-78DA3166DB3B}"
EndProject
Project("{2150E333-8FDC-42A3-9474-1A3956D46DE8}") = "IntegrationTesting", "IntegrationTesting", "{844E180C-B1F7-4021-A291-34B55962D64E}"
EndProject
Project("{9A19103F-16F7-4668-BE54-9A1E7A4F7556}") = "IntegrationTesting", "IntegrationTesting\IntegrationTesting.csproj", "{1049FC6A-2870-4FB6-A2A0-95728A262E08}"
EndProject
Project("{9A19103F-16F7-4668-BE54-9A1E7A4F7556}") = "Configuration", "Configuration\Configuration.csproj", "{4C6E8CD2-9B0A-4D9A-80C0-E3B651392835}"
EndProject
Project("{FAE04EC0-301F-11D3-BF4B-00C04F79EFBC}") = "TestWebApi", "TestWebApi\TestWebApi.csproj", "{1CD2C7AD-CA12-4082-BF05-F51069C8BCD9}"
EndProject
Global
	GlobalSection(SolutionConfigurationPlatforms) = preSolution
		Debug|Any CPU = Debug|Any CPU
		Release|Any CPU = Release|Any CPU
	EndGlobalSection
	GlobalSection(ProjectConfigurationPlatforms) = postSolution
		{100524BF-338A-49B1-ABEB-3D9BB619AF1A}.Debug|Any CPU.ActiveCfg = Debug|Any CPU
		{100524BF-338A-49B1-ABEB-3D9BB619AF1A}.Debug|Any CPU.Build.0 = Debug|Any CPU
		{100524BF-338A-49B1-ABEB-3D9BB619AF1A}.Release|Any CPU.ActiveCfg = Release|Any CPU
		{100524BF-338A-49B1-ABEB-3D9BB619AF1A}.Release|Any CPU.Build.0 = Release|Any CPU
		{F76F403B-A422-4910-95BE-32B3442CF977}.Debug|Any CPU.ActiveCfg = Debug|Any CPU
		{F76F403B-A422-4910-95BE-32B3442CF977}.Debug|Any CPU.Build.0 = Debug|Any CPU
		{F76F403B-A422-4910-95BE-32B3442CF977}.Release|Any CPU.ActiveCfg = Release|Any CPU
		{F76F403B-A422-4910-95BE-32B3442CF977}.Release|Any CPU.Build.0 = Release|Any CPU
		{ABB6FD86-A8B9-4FF8-9462-B59358965477}.Debug|Any CPU.ActiveCfg = Debug|Any CPU
		{ABB6FD86-A8B9-4FF8-9462-B59358965477}.Debug|Any CPU.Build.0 = Debug|Any CPU
		{ABB6FD86-A8B9-4FF8-9462-B59358965477}.Release|Any CPU.ActiveCfg = Release|Any CPU
		{ABB6FD86-A8B9-4FF8-9462-B59358965477}.Release|Any CPU.Build.0 = Release|Any CPU
		{7D408C17-EC82-4F3C-9AF2-78DA3166DB3B}.Debug|Any CPU.ActiveCfg = Debug|Any CPU
		{7D408C17-EC82-4F3C-9AF2-78DA3166DB3B}.Debug|Any CPU.Build.0 = Debug|Any CPU
		{7D408C17-EC82-4F3C-9AF2-78DA3166DB3B}.Release|Any CPU.ActiveCfg = Release|Any CPU
		{7D408C17-EC82-4F3C-9AF2-78DA3166DB3B}.Release|Any CPU.Build.0 = Release|Any CPU
		{1049FC6A-2870-4FB6-A2A0-95728A262E08}.Debug|Any CPU.ActiveCfg = Debug|Any CPU
		{1049FC6A-2870-4FB6-A2A0-95728A262E08}.Debug|Any CPU.Build.0 = Debug|Any CPU
		{1049FC6A-2870-4FB6-A2A0-95728A262E08}.Release|Any CPU.ActiveCfg = Release|Any CPU
		{1049FC6A-2870-4FB6-A2A0-95728A262E08}.Release|Any CPU.Build.0 = Release|Any CPU
		{4C6E8CD2-9B0A-4D9A-80C0-E3B651392835}.Debug|Any CPU.ActiveCfg = Debug|Any CPU
		{4C6E8CD2-9B0A-4D9A-80C0-E3B651392835}.Debug|Any CPU.Build.0 = Debug|Any CPU
		{4C6E8CD2-9B0A-4D9A-80C0-E3B651392835}.Release|Any CPU.ActiveCfg = Release|Any CPU
		{4C6E8CD2-9B0A-4D9A-80C0-E3B651392835}.Release|Any CPU.Build.0 = Release|Any CPU
		{1CD2C7AD-CA12-4082-BF05-F51069C8BCD9}.Debug|Any CPU.ActiveCfg = Debug|Any CPU
		{1CD2C7AD-CA12-4082-BF05-F51069C8BCD9}.Debug|Any CPU.Build.0 = Debug|Any CPU
		{1CD2C7AD-CA12-4082-BF05-F51069C8BCD9}.Release|Any CPU.ActiveCfg = Release|Any CPU
		{1CD2C7AD-CA12-4082-BF05-F51069C8BCD9}.Release|Any CPU.Build.0 = Release|Any CPU
	EndGlobalSection
	GlobalSection(SolutionProperties) = preSolution
		HideSolutionNode = FALSE
	EndGlobalSection
	GlobalSection(NestedProjects) = preSolution
		{F76F403B-A422-4910-95BE-32B3442CF977} = {D951E251-0440-4FCA-A556-EEB30EA4EADE}
		{ABB6FD86-A8B9-4FF8-9462-B59358965477} = {D951E251-0440-4FCA-A556-EEB30EA4EADE}
		{7D408C17-EC82-4F3C-9AF2-78DA3166DB3B} = {D951E251-0440-4FCA-A556-EEB30EA4EADE}
		{1049FC6A-2870-4FB6-A2A0-95728A262E08} = {844E180C-B1F7-4021-A291-34B55962D64E}
	EndGlobalSection
	GlobalSection(ExtensibilityGlobals) = postSolution
		SolutionGuid = {D2B729CE-7E06-423D-A6A8-1D46418EB7D8}
	EndGlobalSection
EndGlobal
